
Microsoft Visual Studio Solution File, Format Version 12.00
# Visual Studio Version 16
VisualStudioVersion = 16.0.34031.81
MinimumVisualStudioVersion = 10.0.40219.1
Project("{FAE04EC0-301F-11D3-BF4B-00C04F79EFBC}") = "ConversionEntierBinaire", "ConversionEntierBinaire\ConversionEntierBinaire.csproj", "{0B8C13AD-C8ED-4BC3-9A01-76E0AF721703}"
EndProject
Global
	GlobalSection(SolutionConfigurationPlatforms) = preSolution
		Debug|Any CPU = Debug|Any CPU
		Release|Any CPU = Release|Any CPU
	EndGlobalSection
	GlobalSection(ProjectConfigurationPlatforms) = postSolution
		{0B8C13AD-C8ED-4BC3-9A01-76E0AF721703}.Debug|Any CPU.ActiveCfg = Debug|Any CPU
		{0B8C13AD-C8ED-4BC3-9A01-76E0AF721703}.Debug|Any CPU.Build.0 = Debug|Any CPU
		{0B8C13AD-C8ED-4BC3-9A01-76E0AF721703}.Release|Any CPU.ActiveCfg = Release|Any CPU
		{0B8C13AD-C8ED-4BC3-9A01-76E0AF721703}.Release|Any CPU.Build.0 = Release|Any CPU
	EndGlobalSection
	GlobalSection(SolutionProperties) = preSolution
		HideSolutionNode = FALSE
	EndGlobalSection
	GlobalSection(ExtensibilityGlobals) = postSolution
		SolutionGuid = {B056072F-9F46-42CB-B1BF-1C9FAFC8B799}
	EndGlobalSection
EndGlobal
